
Microsoft Visual Studio Solution File, Format Version 12.00
# Visual Studio Version 17
VisualStudioVersion = 17.3.32929.385
MinimumVisualStudioVersion = 10.0.40219.1
Project("{FAE04EC0-301F-11D3-BF4B-00C04F79EFBC}") = "Installation", "Installation\Installation.csproj", "{90E78416-B96D-4E35-A845-FB45E9DDC48A}"
EndProject
Global
	GlobalSection(SolutionConfigurationPlatforms) = preSolution
		Debug|Any CPU = Debug|Any CPU
		Release|Any CPU = Release|Any CPU
	EndGlobalSection
	GlobalSection(ProjectConfigurationPlatforms) = postSolution
		{90E78416-B96D-4E35-A845-FB45E9DDC48A}.Debug|Any CPU.ActiveCfg = Debug|Any CPU
		{90E78416-B96D-4E35-A845-FB45E9DDC48A}.Debug|Any CPU.Build.0 = Debug|Any CPU
		{90E78416-B96D-4E35-A845-FB45E9DDC48A}.Release|Any CPU.ActiveCfg = Release|Any CPU
		{90E78416-B96D-4E35-A845-FB45E9DDC48A}.Release|Any CPU.Build.0 = Release|Any CPU
	EndGlobalSection
	GlobalSection(SolutionProperties) = preSolution
		HideSolutionNode = FALSE
	EndGlobalSection
	GlobalSection(ExtensibilityGlobals) = postSolution
		SolutionGuid = {15BFC807-C137-4AC4-957E-27773CA9A691}
	EndGlobalSection
EndGlobal
